
Microsoft Visual Studio Solution File, Format Version 11.00
# Visual C++ Express 2010
Project("{8BC9CEB8-8B4A-11D0-8D11-00A0C91BC942}") = "Sample", "Sample.vcxproj", "{C3697DC3-186F-47CC-920A-0B9B0D7B519D}"
EndProject
Global
	GlobalSection(SolutionConfigurationPlatforms) = preSolution
		Debug|Win32 = Debug|Win32
		Release|Win32 = Release|Win32
	EndGlobalSection
	GlobalSection(ProjectConfigurationPlatforms) = postSolution
		{C3697DC3-186F-47CC-920A-0B9B0D7B519D}.Debug|Win32.ActiveCfg = Debug|Win32
		{C3697DC3-186F-47CC-920A-0B9B0D7B519D}.Debug|Win32.Build.0 = Debug|Win32
		{C3697DC3-186F-47CC-920A-0B9B0D7B519D}.Release|Win32.ActiveCfg = Release|Win32
		{C3697DC3-186F-47CC-920A-0B9B0D7B519D}.Release|Win32.Build.0 = Release|Win32
	EndGlobalSection
	GlobalSection(SolutionProperties) = preSolution
		HideSolutionNode = FALSE
	EndGlobalSection
EndGlobal
